
Microsoft Visual Studio Solution File, Format Version 12.00
# Visual Studio Version 17
VisualStudioVersion = 17.4.33403.182
MinimumVisualStudioVersion = 10.0.40219.1
Project("{9A19103F-16F7-4668-BE54-9A1E7A4F7556}") = "Dental", "Dental.csproj", "{E2EAEBDB-B643-45FE-8FFF-8F4921CEB8EF}"
EndProject
Project("{00D1A9C2-B5F0-4AF3-8072-F6C62B433612}") = "DentalDatabase", "..\DentalDatabase\DentalDatabase.sqlproj", "{C7EB434F-E295-4795-B4C1-681103EB53BC}"
EndProject
Global
	GlobalSection(SolutionConfigurationPlatforms) = preSolution
		Debug|Any CPU = Debug|Any CPU
		Release|Any CPU = Release|Any CPU
	EndGlobalSection
	GlobalSection(ProjectConfigurationPlatforms) = postSolution
		{E2EAEBDB-B643-45FE-8FFF-8F4921CEB8EF}.Debug|Any CPU.ActiveCfg = Debug|Any CPU
		{E2EAEBDB-B643-45FE-8FFF-8F4921CEB8EF}.Debug|Any CPU.Build.0 = Debug|Any CPU
		{E2EAEBDB-B643-45FE-8FFF-8F4921CEB8EF}.Release|Any CPU.ActiveCfg = Release|Any CPU
		{E2EAEBDB-B643-45FE-8FFF-8F4921CEB8EF}.Release|Any CPU.Build.0 = Release|Any CPU
		{C7EB434F-E295-4795-B4C1-681103EB53BC}.Debug|Any CPU.ActiveCfg = Debug|Any CPU
		{C7EB434F-E295-4795-B4C1-681103EB53BC}.Debug|Any CPU.Build.0 = Debug|Any CPU
		{C7EB434F-E295-4795-B4C1-681103EB53BC}.Debug|Any CPU.Deploy.0 = Debug|Any CPU
		{C7EB434F-E295-4795-B4C1-681103EB53BC}.Release|Any CPU.ActiveCfg = Release|Any CPU
		{C7EB434F-E295-4795-B4C1-681103EB53BC}.Release|Any CPU.Build.0 = Release|Any CPU
		{C7EB434F-E295-4795-B4C1-681103EB53BC}.Release|Any CPU.Deploy.0 = Release|Any CPU
	EndGlobalSection
	GlobalSection(SolutionProperties) = preSolution
		HideSolutionNode = FALSE
	EndGlobalSection
	GlobalSection(ExtensibilityGlobals) = postSolution
		SolutionGuid = {23BAFEAA-8010-45FD-B635-A2736A0AA838}
	EndGlobalSection
EndGlobal
